{
  "name": "ebiz-cap",
  "lockfileVersion": 2,
  "requires": true,
  "packages": {
    "": {
      "dependencies": {
        "react-alice-carousel": "^2.6.4",
        "swiper": "^8.4.3"
      }
    },
    "node_modules/dom7": {
      "version": "4.0.4",
      "resolved": "https://registry.npmjs.org/dom7/-/dom7-4.0.4.tgz",
      "integrity": "sha512-DSSgBzQ4rJWQp1u6o+3FVwMNnT5bzQbMb+o31TjYYeRi05uAcpF8koxdfzeoe5ElzPmua7W7N28YJhF7iEKqIw==",
      "dependencies": {
        "ssr-window": "^4.0.0"
      }
    },
    "node_modules/js-tokens": {
      "version": "4.0.0",
      "resolved": "https://registry.npmjs.org/js-tokens/-/js-tokens-4.0.0.tgz",
      "integrity": "sha512-RdJUflcE3cUzKiMqQgsCu06FPu9UdIJO0beYbPhHN4k6apgJtifcoCtT9bcxOpYBtpD2kCM6Sbzg4CausW/PKQ==",
      "peer": true
    },
    "node_modules/loose-envify": {
      "version": "1.4.0",
      "resolved": "https://registry.npmjs.org/loose-envify/-/loose-envify-1.4.0.tgz",
      "integrity": "sha512-lyuxPGr/Wfhrlem2CL/UcnUc1zcqKAImBDzukY7Y5F/yQiNdko6+fRLevlw1HgMySw7f611UIY408EtxRSoK3Q==",
      "peer": true,
      "dependencies": {
        "js-tokens": "^3.0.0 || ^4.0.0"
      },
      "bin": {
        "loose-envify": "cli.js"
      }
    },
    "node_modules/react": {
      "version": "18.2.0",
      "resolved": "https://registry.npmjs.org/react/-/react-18.2.0.tgz",
      "integrity": "sha512-/3IjMdb2L9QbBdWiW5e3P2/npwMBaU9mHCSCUzNln0ZCYbcfTsGbTJrU/kGemdH2IWmB2ioZ+zkxtmq6g09fGQ==",
      "peer": true,
      "dependencies": {
        "loose-envify": "^1.1.0"
      },
      "engines": {
        "node": ">=0.10.0"
      }
    },
    "node_modules/react-alice-carousel": {
      "version": "2.6.4",
      "resolved": "https://registry.npmjs.org/react-alice-carousel/-/react-alice-carousel-2.6.4.tgz",
      "integrity": "sha512-G2RTX8SVuqkif3n3qEF9yd1NOqdM8S8SmB7yZ1hiUMMgmgyA+h7HJGTnIbblmU7h7AtaZQ4V6qhJJKxJC0lacQ==",
      "dependencies": {
        "vanilla-swipe": "^2.2.0"
      },
      "peerDependencies": {
        "react": ">=15.4"
      }
    },
    "node_modules/ssr-window": {
      "version": "4.0.2",
      "resolved": "https://registry.npmjs.org/ssr-window/-/ssr-window-4.0.2.tgz",
      "integrity": "sha512-ISv/Ch+ig7SOtw7G2+qkwfVASzazUnvlDTwypdLoPoySv+6MqlOV10VwPSE6EWkGjhW50lUmghPmpYZXMu/+AQ=="
    },
    "node_modules/swiper": {
      "version": "8.4.3",
      "resolved": "https://registry.npmjs.org/swiper/-/swiper-8.4.3.tgz",
      "integrity": "sha512-+Ne/3rSZ1t28r//Upg8AdLgXJ+/nTw79GZFl6RQb2TckfnX6JTQZWWiNTT3uqP9Cyixb+OhT9fRBqAWnjM444A==",
      "funding": [
        {
          "type": "patreon",
          "url": "https://www.patreon.com/swiperjs"
        },
        {
          "type": "open_collective",
          "url": "http://opencollective.com/swiper"
        }
      ],
      "hasInstallScript": true,
      "dependencies": {
        "dom7": "^4.0.4",
        "ssr-window": "^4.0.2"
      },
      "engines": {
        "node": ">= 4.7.0"
      }
    },
    "node_modules/vanilla-swipe": {
      "version": "2.4.1",
      "resolved": "https://registry.npmjs.org/vanilla-swipe/-/vanilla-swipe-2.4.1.tgz",
      "integrity": "sha512-o6pfI0dipet88ZnPLV4Jx04Ia+U3xANh14vhROW2TOe/mrwk2JGG68+Z0BPoD1YUcQQEnK4SZBXkqFe+K1l7/w=="
    }
  },
  "dependencies": {
    "dom7": {
      "version": "4.0.4",
      "resolved": "https://registry.npmjs.org/dom7/-/dom7-4.0.4.tgz",
      "integrity": "sha512-DSSgBzQ4rJWQp1u6o+3FVwMNnT5bzQbMb+o31TjYYeRi05uAcpF8koxdfzeoe5ElzPmua7W7N28YJhF7iEKqIw==",
      "requires": {
        "ssr-window": "^4.0.0"
      }
    },
    "js-tokens": {
      "version": "4.0.0",
      "resolved": "https://registry.npmjs.org/js-tokens/-/js-tokens-4.0.0.tgz",
      "integrity": "sha512-RdJUflcE3cUzKiMqQgsCu06FPu9UdIJO0beYbPhHN4k6apgJtifcoCtT9bcxOpYBtpD2kCM6Sbzg4CausW/PKQ==",
      "peer": true
    },
    "loose-envify": {
      "version": "1.4.0",
      "resolved": "https://registry.npmjs.org/loose-envify/-/loose-envify-1.4.0.tgz",
      "integrity": "sha512-lyuxPGr/Wfhrlem2CL/UcnUc1zcqKAImBDzukY7Y5F/yQiNdko6+fRLevlw1HgMySw7f611UIY408EtxRSoK3Q==",
      "peer": true,
      "requires": {
        "js-tokens": "^3.0.0 || ^4.0.0"
      }
    },
    "react": {
      "version": "18.2.0",
      "resolved": "https://registry.npmjs.org/react/-/react-18.2.0.tgz",
      "integrity": "sha512-/3IjMdb2L9QbBdWiW5e3P2/npwMBaU9mHCSCUzNln0ZCYbcfTsGbTJrU/kGemdH2IWmB2ioZ+zkxtmq6g09fGQ==",
      "peer": true,
      "requires": {
        "loose-envify": "^1.1.0"
      }
    },
    "react-alice-carousel": {
      "version": "2.6.4",
      "resolved": "https://registry.npmjs.org/react-alice-carousel/-/react-alice-carousel-2.6.4.tgz",
      "integrity": "sha512-G2RTX8SVuqkif3n3qEF9yd1NOqdM8S8SmB7yZ1hiUMMgmgyA+h7HJGTnIbblmU7h7AtaZQ4V6qhJJKxJC0lacQ==",
      "requires": {
        "vanilla-swipe": "^2.2.0"
      }
    },
    "ssr-window": {
      "version": "4.0.2",
      "resolved": "https://registry.npmjs.org/ssr-window/-/ssr-window-4.0.2.tgz",
      "integrity": "sha512-ISv/Ch+ig7SOtw7G2+qkwfVASzazUnvlDTwypdLoPoySv+6MqlOV10VwPSE6EWkGjhW50lUmghPmpYZXMu/+AQ=="
    },
    "swiper": {
      "version": "8.4.3",
      "resolved": "https://registry.npmjs.org/swiper/-/swiper-8.4.3.tgz",
      "integrity": "sha512-+Ne/3rSZ1t28r//Upg8AdLgXJ+/nTw79GZFl6RQb2TckfnX6JTQZWWiNTT3uqP9Cyixb+OhT9fRBqAWnjM444A==",
      "requires": {
        "dom7": "^4.0.4",
        "ssr-window": "^4.0.2"
      }
    },
    "vanilla-swipe": {
      "version": "2.4.1",
      "resolved": "https://registry.npmjs.org/vanilla-swipe/-/vanilla-swipe-2.4.1.tgz",
      "integrity": "sha512-o6pfI0dipet88ZnPLV4Jx04Ia+U3xANh14vhROW2TOe/mrwk2JGG68+Z0BPoD1YUcQQEnK4SZBXkqFe+K1l7/w=="
    }
  }
}
